// !$*UTF8*$!
{
	archiveVersion = 1;
	classes = {
	};
	objectVersion = 55;
	objects = {

/* Begin PBXBuildFile section */
		E1533B92281A44DA001D4CE7 /* AppDelegate.swift in Sources */ = {isa = PBXBuildFile; fileRef = E1533B91281A44DA001D4CE7 /* AppDelegate.swift */; };
		E1533B94281A44DA001D4CE7 /* SceneDelegate.swift in Sources */ = {isa = PBXBuildFile; fileRef = E1533B93281A44DA001D4CE7 /* SceneDelegate.swift */; };
		E1533B99281A44DA001D4CE7 /* Main.storyboard in Resources */ = {isa = PBXBuildFile; fileRef = E1533B97281A44DA001D4CE7 /* Main.storyboard */; };
		E1533B9B281A44E0001D4CE7 /* Assets.xcassets in Resources */ = {isa = PBXBuildFile; fileRef = E1533B9A281A44E0001D4CE7 /* Assets.xcassets */; };
		E1533B9E281A44E0001D4CE7 /* LaunchScreen.storyboard in Resources */ = {isa = PBXBuildFile; fileRef = E1533B9C281A44E0001D4CE7 /* LaunchScreen.storyboard */; };
		E1533BAC281A4621001D4CE7 /* DataManager.swift in Sources */ = {isa = PBXBuildFile; fileRef = E1533BAB281A4621001D4CE7 /* DataManager.swift */; };
		E1533BAE281A4679001D4CE7 /* Person.swift in Sources */ = {isa = PBXBuildFile; fileRef = E1533BAD281A4679001D4CE7 /* Person.swift */; };
		E1533BB0281A86B2001D4CE7 /* PersonListViewController.swift in Sources */ = {isa = PBXBuildFile; fileRef = E1533BAF281A86B2001D4CE7 /* PersonListViewController.swift */; };
		E1533BB2281A9062001D4CE7 /* PersonSectionsListViewController.swift in Sources */ = {isa = PBXBuildFile; fileRef = E1533BB1281A9062001D4CE7 /* PersonSectionsListViewController.swift */; };
		E1533BB4281A915E001D4CE7 /* TabBarViewController.swift in Sources */ = {isa = PBXBuildFile; fileRef = E1533BB3281A915E001D4CE7 /* TabBarViewController.swift */; };
		E1533BB6281A9EEA001D4CE7 /* PersonTableViewController.swift in Sources */ = {isa = PBXBuildFile; fileRef = E1533BB5281A9EEA001D4CE7 /* PersonTableViewController.swift */; };
/* End PBXBuildFile section */

/* Begin PBXFileReference section */
		E1533B8E281A44DA001D4CE7 /* Person list.app */ = {isa = PBXFileReference; explicitFileType = wrapper.application; includeInIndex = 0; path = "Person list.app"; sourceTree = BUILT_PRODUCTS_DIR; };
		E1533B91281A44DA001D4CE7 /* AppDelegate.swift */ = {isa = PBXFileReference; lastKnownFileType = sourcecode.swift; path = AppDelegate.swift; sourceTree = "<group>"; };
		E1533B93281A44DA001D4CE7 /* SceneDelegate.swift */ = {isa = PBXFileReference; lastKnownFileType = sourcecode.swift; path = SceneDelegate.swift; sourceTree = "<group>"; };
		E1533B98281A44DA001D4CE7 /* Base */ = {isa = PBXFileReference; lastKnownFileType = file.storyboard; name = Base; path = Base.lproj/Main.storyboard; sourceTree = "<group>"; };
		E1533B9A281A44E0001D4CE7 /* Assets.xcassets */ = {isa = PBXFileReference; lastKnownFileType = folder.assetcatalog; path = Assets.xcassets; sourceTree = "<group>"; };
		E1533B9D281A44E0001D4CE7 /* Base */ = {isa = PBXFileReference; lastKnownFileType = file.storyboard; name = Base; path = Base.lproj/LaunchScreen.storyboard; sourceTree = "<group>"; };
		E1533B9F281A44E0001D4CE7 /* Info.plist */ = {isa = PBXFileReference; lastKnownFileType = text.plist.xml; path = Info.plist; sourceTree = "<group>"; };
		E1533BAB281A4621001D4CE7 /* DataManager.swift */ = {isa = PBXFileReference; lastKnownFileType = sourcecode.swift; path = DataManager.swift; sourceTree = "<group>"; };
		E1533BAD281A4679001D4CE7 /* Person.swift */ = {isa = PBXFileReference; lastKnownFileType = sourcecode.swift; path = Person.swift; sourceTree = "<group>"; };
		E1533BAF281A86B2001D4CE7 /* PersonListViewController.swift */ = {isa = PBXFileReference; lastKnownFileType = sourcecode.swift; path = PersonListViewController.swift; sourceTree = "<group>"; };
		E1533BB1281A9062001D4CE7 /* PersonSectionsListViewController.swift */ = {isa = PBXFileReference; lastKnownFileType = sourcecode.swift; path = PersonSectionsListViewController.swift; sourceTree = "<group>"; };
		E1533BB3281A915E001D4CE7 /* TabBarViewController.swift */ = {isa = PBXFileReference; lastKnownFileType = sourcecode.swift; path = TabBarViewController.swift; sourceTree = "<group>"; };
		E1533BB5281A9EEA001D4CE7 /* PersonTableViewController.swift */ = {isa = PBXFileReference; lastKnownFileType = sourcecode.swift; path = PersonTableViewController.swift; sourceTree = "<group>"; };
/* End PBXFileReference section */

/* Begin PBXFrameworksBuildPhase section */
		E1533B8B281A44DA001D4CE7 /* Frameworks */ = {
			isa = PBXFrameworksBuildPhase;
			buildActionMask = 2147483647;
			files = (
			);
			runOnlyForDeploymentPostprocessing = 0;
		};
/* End PBXFrameworksBuildPhase section */

/* Begin PBXGroup section */
		E1533B85281A44DA001D4CE7 = {
			isa = PBXGroup;
			children = (
				E1533B90281A44DA001D4CE7 /* Person list */,
				E1533B8F281A44DA001D4CE7 /* Products */,
			);
			sourceTree = "<group>";
		};
		E1533B8F281A44DA001D4CE7 /* Products */ = {
			isa = PBXGroup;
			children = (
				E1533B8E281A44DA001D4CE7 /* Person list.app */,
			);
			name = Products;
			sourceTree = "<group>";
		};
		E1533B90281A44DA001D4CE7 /* Person list */ = {
			isa = PBXGroup;
			children = (
				E1533BA6281A4501001D4CE7 /* ViewControllers */,
				E1533BA7281A451F001D4CE7 /* Storyboards */,
				E1533BAA281A45A7001D4CE7 /* Servise */,
				E1533BA9281A4599001D4CE7 /* Models */,
				E1533BA8281A4568001D4CE7 /* Resourses */,
				E1533BA5281A44F5001D4CE7 /* App */,
				E1533B9F281A44E0001D4CE7 /* Info.plist */,
			);
			path = "Person list";
			sourceTree = "<group>";
		};
		E1533BA5281A44F5001D4CE7 /* App */ = {
			isa = PBXGroup;
			children = (
				E1533B91281A44DA001D4CE7 /* AppDelegate.swift */,
				E1533B93281A44DA001D4CE7 /* SceneDelegate.swift */,
			);
			path = App;
			sourceTree = "<group>";
		};
		E1533BA6281A4501001D4CE7 /* ViewControllers */ = {
			isa = PBXGroup;
			children = (
				E1533BAF281A86B2001D4CE7 /* PersonListViewController.swift */,
				E1533BB1281A9062001D4CE7 /* PersonSectionsListViewController.swift */,
				E1533BB3281A915E001D4CE7 /* TabBarViewController.swift */,
				E1533BB5281A9EEA001D4CE7 /* PersonTableViewController.swift */,
			);
			path = ViewControllers;
			sourceTree = "<group>";
		};
		E1533BA7281A451F001D4CE7 /* Storyboards */ = {
			isa = PBXGroup;
			children = (
				E1533B97281A44DA001D4CE7 /* Main.storyboard */,
				E1533B9C281A44E0001D4CE7 /* LaunchScreen.storyboard */,
			);
			path = Storyboards;
			sourceTree = "<group>";
		};
		E1533BA8281A4568001D4CE7 /* Resourses */ = {
			isa = PBXGroup;
			children = (
				E1533B9A281A44E0001D4CE7 /* Assets.xcassets */,
			);
			path = Resourses;
			sourceTree = "<group>";
		};
		E1533BA9281A4599001D4CE7 /* Models */ = {
			isa = PBXGroup;
			children = (
				E1533BAD281A4679001D4CE7 /* Person.swift */,
			);
			path = Models;
			sourceTree = "<group>";
		};
		E1533BAA281A45A7001D4CE7 /* Servise */ = {
			isa = PBXGroup;
			children = (
				E1533BAB281A4621001D4CE7 /* DataManager.swift */,
			);
			path = Servise;
			sourceTree = "<group>";
		};
/* End PBXGroup section */

/* Begin PBXNativeTarget section */
		E1533B8D281A44DA001D4CE7 /* Person list */ = {
			isa = PBXNativeTarget;
			buildConfigurationList = E1533BA2281A44E0001D4CE7 /* Build configuration list for PBXNativeTarget "Person list" */;
			buildPhases = (
				E1533B8A281A44DA001D4CE7 /* Sources */,
				E1533B8B281A44DA001D4CE7 /* Frameworks */,
				E1533B8C281A44DA001D4CE7 /* Resources */,
			);
			buildRules = (
			);
			dependencies = (
			);
			name = "Person list";
			productName = "Person list";
			productReference = E1533B8E281A44DA001D4CE7 /* Person list.app */;
			productType = "com.apple.product-type.application";
		};
/* End PBXNativeTarget section */

/* Begin PBXProject section */
		E1533B86281A44DA001D4CE7 /* Project object */ = {
			isa = PBXProject;
			attributes = {
				BuildIndependentTargetsInParallel = 1;
				LastSwiftUpdateCheck = 1320;
				LastUpgradeCheck = 1320;
				TargetAttributes = {
					E1533B8D281A44DA001D4CE7 = {
						CreatedOnToolsVersion = 13.2.1;
					};
				};
			};
			buildConfigurationList = E1533B89281A44DA001D4CE7 /* Build configuration list for PBXProject "Person list" */;
			compatibilityVersion = "Xcode 13.0";
			developmentRegion = en;
			hasScannedForEncodings = 0;
			knownRegions = (
				en,
				Base,
			);
			mainGroup = E1533B85281A44DA001D4CE7;
			productRefGroup = E1533B8F281A44DA001D4CE7 /* Products */;
			projectDirPath = "";
			projectRoot = "";
			targets = (
				E1533B8D281A44DA001D4CE7 /* Person list */,
			);
		};
/* End PBXProject section */

/* Begin PBXResourcesBuildPhase section */
		E1533B8C281A44DA001D4CE7 /* Resources */ = {
			isa = PBXResourcesBuildPhase;
			buildActionMask = 2147483647;
			files = (
				E1533B9E281A44E0001D4CE7 /* LaunchScreen.storyboard in Resources */,
				E1533B9B281A44E0001D4CE7 /* Assets.xcassets in Resources */,
				E1533B99281A44DA001D4CE7 /* Main.storyboard in Resources */,
			);
			runOnlyForDeploymentPostprocessing = 0;
		};
/* End PBXResourcesBuildPhase section */

/* Begin PBXSourcesBuildPhase section */
		E1533B8A281A44DA001D4CE7 /* Sources */ = {
			isa = PBXSourcesBuildPhase;
			buildActionMask = 2147483647;
			files = (
				E1533BB6281A9EEA001D4CE7 /* PersonTableViewController.swift in Sources */,
				E1533BAE281A4679001D4CE7 /* Person.swift in Sources */,
				E1533BAC281A4621001D4CE7 /* DataManager.swift in Sources */,
				E1533BB0281A86B2001D4CE7 /* PersonListViewController.swift in Sources */,
				E1533BB2281A9062001D4CE7 /* PersonSectionsListViewController.swift in Sources */,
				E1533BB4281A915E001D4CE7 /* TabBarViewController.swift in Sources */,
				E1533B92281A44DA001D4CE7 /* AppDelegate.swift in Sources */,
				E1533B94281A44DA001D4CE7 /* SceneDelegate.swift in Sources */,
			);
			runOnlyForDeploymentPostprocessing = 0;
		};
/* End PBXSourcesBuildPhase section */

/* Begin PBXVariantGroup section */
		E1533B97281A44DA001D4CE7 /* Main.storyboard */ = {
			isa = PBXVariantGroup;
			children = (
				E1533B98281A44DA001D4CE7 /* Base */,
			);
			name = Main.storyboard;
			sourceTree = "<group>";
		};
		E1533B9C281A44E0001D4CE7 /* LaunchScreen.storyboard */ = {
			isa = PBXVariantGroup;
			children = (
				E1533B9D281A44E0001D4CE7 /* Base */,
			);
			name = LaunchScreen.storyboard;
			sourceTree = "<group>";
		};
/* End PBXVariantGroup section */

/* Begin XCBuildConfiguration section */
		E1533BA0281A44E0001D4CE7 /* Debug */ = {
			isa = XCBuildConfiguration;
			buildSettings = {
				ALWAYS_SEARCH_USER_PATHS = NO;
				CLANG_ANALYZER_NONNULL = YES;
				CLANG_ANALYZER_NUMBER_OBJECT_CONVERSION = YES_AGGRESSIVE;
				CLANG_CXX_LANGUAGE_STANDARD = "gnu++17";
				CLANG_CXX_LIBRARY = "libc++";
				CLANG_ENABLE_MODULES = YES;
				CLANG_ENABLE_OBJC_ARC = YES;
				CLANG_ENABLE_OBJC_WEAK = YES;
				CLANG_WARN_BLOCK_CAPTURE_AUTORELEASING = YES;
				CLANG_WARN_BOOL_CONVERSION = YES;
				CLANG_WARN_COMMA = YES;
				CLANG_WARN_CONSTANT_CONVERSION = YES;
				CLANG_WARN_DEPRECATED_OBJC_IMPLEMENTATIONS = YES;
				CLANG_WARN_DIRECT_OBJC_ISA_USAGE = YES_ERROR;
				CLANG_WARN_DOCUMENTATION_COMMENTS = YES;
				CLANG_WARN_EMPTY_BODY = YES;
				CLANG_WARN_ENUM_CONVERSION = YES;
				CLANG_WARN_INFINITE_RECURSION = YES;
				CLANG_WARN_INT_CONVERSION = YES;
				CLANG_WARN_NON_LITERAL_NULL_CONVERSION = YES;
				CLANG_WARN_OBJC_IMPLICIT_RETAIN_SELF = YES;
				CLANG_WARN_OBJC_LITERAL_CONVERSION = YES;
				CLANG_WARN_OBJC_ROOT_CLASS = YES_ERROR;
				CLANG_WARN_QUOTED_INCLUDE_IN_FRAMEWORK_HEADER = YES;
				CLANG_WARN_RANGE_LOOP_ANALYSIS = YES;
				CLANG_WARN_STRICT_PROTOTYPES = YES;
				CLANG_WARN_SUSPICIOUS_MOVE = YES;
				CLANG_WARN_UNGUARDED_AVAILABILITY = YES_AGGRESSIVE;
				CLANG_WARN_UNREACHABLE_CODE = YES;
				CLANG_WARN__DUPLICATE_METHOD_MATCH = YES;
				COPY_PHASE_STRIP = NO;
				DEBUG_INFORMATION_FORMAT = dwarf;
				ENABLE_STRICT_OBJC_MSGSEND = YES;
				ENABLE_TESTABILITY = YES;
				GCC_C_LANGUAGE_STANDARD = gnu11;
				GCC_DYNAMIC_NO_PIC = NO;
				GCC_NO_COMMON_BLOCKS = YES;
				GCC_OPTIMIZATION_LEVEL = 0;
				GCC_PREPROCESSOR_DEFINITIONS = (
					"DEBUG=1",
					"$(inherited)",
				);
				GCC_WARN_64_TO_32_BIT_CONVERSION = YES;
				GCC_WARN_ABOUT_RETURN_TYPE = YES_ERROR;
				GCC_WARN_UNDECLARED_SELECTOR = YES;
				GCC_WARN_UNINITIALIZED_AUTOS = YES_AGGRESSIVE;
				GCC_WARN_UNUSED_FUNCTION = YES;
				GCC_WARN_UNUSED_VARIABLE = YES;
				IPHONEOS_DEPLOYMENT_TARGET = 15.2;
				MTL_ENABLE_DEBUG_INFO = INCLUDE_SOURCE;
				MTL_FAST_MATH = YES;
				ONLY_ACTIVE_ARCH = YES;
				SDKROOT = iphoneos;
				SWIFT_ACTIVE_COMPILATION_CONDITIONS = DEBUG;
				SWIFT_OPTIMIZATION_LEVEL = "-Onone";
			};
			name = Debug;
		};
		E1533BA1281A44E0001D4CE7 /* Release */ = {
			isa = XCBuildConfiguration;
			buildSettings = {
				ALWAYS_SEARCH_USER_PATHS = NO;
				CLANG_ANALYZER_NONNULL = YES;
				CLANG_ANALYZER_NUMBER_OBJECT_CONVERSION = YES_AGGRESSIVE;
				CLANG_CXX_LANGUAGE_STANDARD = "gnu++17";
				CLANG_CXX_LIBRARY = "libc++";
				CLANG_ENABLE_MODULES = YES;
				CLANG_ENABLE_OBJC_ARC = YES;
				CLANG_ENABLE_OBJC_WEAK = YES;
				CLANG_WARN_BLOCK_CAPTURE_AUTORELEASING = YES;
				CLANG_WARN_BOOL_CONVERSION = YES;
				CLANG_WARN_COMMA = YES;
				CLANG_WARN_CONSTANT_CONVERSION = YES;
				CLANG_WARN_DEPRECATED_OBJC_IMPLEMENTATIONS = YES;
				CLANG_WARN_DIRECT_OBJC_ISA_USAGE = YES_ERROR;
				CLANG_WARN_DOCUMENTATION_COMMENTS = YES;
				CLANG_WARN_EMPTY_BODY = YES;
				CLANG_WARN_ENUM_CONVERSION = YES;
				CLANG_WARN_INFINITE_RECURSION = YES;
				CLANG_WARN_INT_CONVERSION = YES;
				CLANG_WARN_NON_LITERAL_NULL_CONVERSION = YES;
				CLANG_WARN_OBJC_IMPLICIT_RETAIN_SELF = YES;
				CLANG_WARN_OBJC_LITERAL_CONVERSION = YES;
				CLANG_WARN_OBJC_ROOT_CLASS = YES_ERROR;
				CLANG_WARN_QUOTED_INCLUDE_IN_FRAMEWORK_HEADER = YES;
				CLANG_WARN_RANGE_LOOP_ANALYSIS = YES;
				CLANG_WARN_STRICT_PROTOTYPES = YES;
				CLANG_WARN_SUSPICIOUS_MOVE = YES;
				CLANG_WARN_UNGUARDED_AVAILABILITY = YES_AGGRESSIVE;
				CLANG_WARN_UNREACHABLE_CODE = YES;
				CLANG_WARN__DUPLICATE_METHOD_MATCH = YES;
				COPY_PHASE_STRIP = NO;
				DEBUG_INFORMATION_FORMAT = "dwarf-with-dsym";
				ENABLE_NS_ASSERTIONS = NO;
				ENABLE_STRICT_OBJC_MSGSEND = YES;
				GCC_C_LANGUAGE_STANDARD = gnu11;
				GCC_NO_COMMON_BLOCKS = YES;
				GCC_WARN_64_TO_32_BIT_CONVERSION = YES;
				GCC_WARN_ABOUT_RETURN_TYPE = YES_ERROR;
				GCC_WARN_UNDECLARED_SELECTOR = YES;
				GCC_WARN_UNINITIALIZED_AUTOS = YES_AGGRESSIVE;
				GCC_WARN_UNUSED_FUNCTION = YES;
				GCC_WARN_UNUSED_VARIABLE = YES;
				IPHONEOS_DEPLOYMENT_TARGET = 15.2;
				MTL_ENABLE_DEBUG_INFO = NO;
				MTL_FAST_MATH = YES;
				SDKROOT = iphoneos;
				SWIFT_COMPILATION_MODE = wholemodule;
				SWIFT_OPTIMIZATION_LEVEL = "-O";
				VALIDATE_PRODUCT = YES;
			};
			name = Release;
		};
		E1533BA3281A44E0001D4CE7 /* Debug */ = {
			isa = XCBuildConfiguration;
			buildSettings = {
				ASSETCATALOG_COMPILER_APPICON_NAME = AppIcon;
				ASSETCATALOG_COMPILER_GLOBAL_ACCENT_COLOR_NAME = AccentColor;
				CODE_SIGN_STYLE = Automatic;
				CURRENT_PROJECT_VERSION = 1;
				DEVELOPMENT_TEAM = HRYLC3C7SK;
				GENERATE_INFOPLIST_FILE = YES;
				INFOPLIST_FILE = "Person list/Info.plist";
				INFOPLIST_KEY_UIApplicationSupportsIndirectInputEvents = YES;
				INFOPLIST_KEY_UILaunchStoryboardName = LaunchScreen;
				INFOPLIST_KEY_UIMainStoryboardFile = Main;
				INFOPLIST_KEY_UISupportedInterfaceOrientations_iPad = "UIInterfaceOrientationPortrait UIInterfaceOrientationPortraitUpsideDown UIInterfaceOrientationLandscapeLeft UIInterfaceOrientationLandscapeRight";
				INFOPLIST_KEY_UISupportedInterfaceOrientations_iPhone = "UIInterfaceOrientationPortrait UIInterfaceOrientationLandscapeLeft UIInterfaceOrientationLandscapeRight";
				LD_RUNPATH_SEARCH_PATHS = (
					"$(inherited)",
					"@executable_path/Frameworks",
				);
				MARKETING_VERSION = 1.0;
				PRODUCT_BUNDLE_IDENTIFIER = "ru.bezborodov-pavel.Person-list";
				PRODUCT_NAME = "$(TARGET_NAME)";
				SWIFT_EMIT_LOC_STRINGS = YES;
				SWIFT_VERSION = 5.0;
				TARGETED_DEVICE_FAMILY = "1,2";
			};
			name = Debug;
		};
		E1533BA4281A44E0001D4CE7 /* Release */ = {
			isa = XCBuildConfiguration;
			buildSettings = {
				ASSETCATALOG_COMPILER_APPICON_NAME = AppIcon;
				ASSETCATALOG_COMPILER_GLOBAL_ACCENT_COLOR_NAME = AccentColor;
				CODE_SIGN_STYLE = Automatic;
				CURRENT_PROJECT_VERSION = 1;
				DEVELOPMENT_TEAM = HRYLC3C7SK;
				GENERATE_INFOPLIST_FILE = YES;
				INFOPLIST_FILE = "Person list/Info.plist";
				INFOPLIST_KEY_UIApplicationSupportsIndirectInputEvents = YES;
				INFOPLIST_KEY_UILaunchStoryboardName = LaunchScreen;
				INFOPLIST_KEY_UIMainStoryboardFile = Main;
				INFOPLIST_KEY_UISupportedInterfaceOrientations_iPad = "UIInterfaceOrientationPortrait UIInterfaceOrientationPortraitUpsideDown UIInterfaceOrientationLandscapeLeft UIInterfaceOrientationLandscapeRight";
				INFOPLIST_KEY_UISupportedInterfaceOrientations_iPhone = "UIInterfaceOrientationPortrait UIInterfaceOrientationLandscapeLeft UIInterfaceOrientationLandscapeRight";
				LD_RUNPATH_SEARCH_PATHS = (
					"$(inherited)",
					"@executable_path/Frameworks",
				);
				MARKETING_VERSION = 1.0;
				PRODUCT_BUNDLE_IDENTIFIER = "ru.bezborodov-pavel.Person-list";
				PRODUCT_NAME = "$(TARGET_NAME)";
				SWIFT_EMIT_LOC_STRINGS = YES;
				SWIFT_VERSION = 5.0;
				TARGETED_DEVICE_FAMILY = "1,2";
			};
			name = Release;
		};
/* End XCBuildConfiguration section */

/* Begin XCConfigurationList section */
		E1533B89281A44DA001D4CE7 /* Build configuration list for PBXProject "Person list" */ = {
			isa = XCConfigurationList;
			buildConfigurations = (
				E1533BA0281A44E0001D4CE7 /* Debug */,
				E1533BA1281A44E0001D4CE7 /* Release */,
			);
			defaultConfigurationIsVisible = 0;
			defaultConfigurationName = Release;
		};
		E1533BA2281A44E0001D4CE7 /* Build configuration list for PBXNativeTarget "Person list" */ = {
			isa = XCConfigurationList;
			buildConfigurations = (
				E1533BA3281A44E0001D4CE7 /* Debug */,
				E1533BA4281A44E0001D4CE7 /* Release */,
			);
			defaultConfigurationIsVisible = 0;
			defaultConfigurationName = Release;
		};
/* End XCConfigurationList section */
	};
	rootObject = E1533B86281A44DA001D4CE7 /* Project object */;
}
